
Microsoft Visual Studio Solution File, Format Version 12.00
# Visual Studio 15
VisualStudioVersion = 15.0.27703.2026
MinimumVisualStudioVersion = 10.0.40219.1
Project("{FAE04EC0-301F-11D3-BF4B-00C04F79EFBC}") = "SensorSimulator", "SensorSimulator\SensorSimulator.csproj", "{15F9F9C8-44A2-408D-9E7D-8D51AF7D3803}"
EndProject
Project("{FAE04EC0-301F-11D3-BF4B-00C04F79EFBC}") = "DeviceProvider", "DeviceProvider\DeviceProvider.csproj", "{16011DBD-DCA5-4814-9B14-74C1304A4361}"
EndProject
Project("{FAE04EC0-301F-11D3-BF4B-00C04F79EFBC}") = "VehicleProcessingFunctionApp", "VehicleProcessingFunctionApp\VehicleProcessingFunctionApp.csproj", "{213CC88A-884E-4004-9EC7-B8BAD3FAAB22}"
EndProject
Global
	GlobalSection(SolutionConfigurationPlatforms) = preSolution
		Debug|Any CPU = Debug|Any CPU
		Release|Any CPU = Release|Any CPU
	EndGlobalSection
	GlobalSection(ProjectConfigurationPlatforms) = postSolution
		{15F9F9C8-44A2-408D-9E7D-8D51AF7D3803}.Debug|Any CPU.ActiveCfg = Debug|Any CPU
		{15F9F9C8-44A2-408D-9E7D-8D51AF7D3803}.Debug|Any CPU.Build.0 = Debug|Any CPU
		{15F9F9C8-44A2-408D-9E7D-8D51AF7D3803}.Release|Any CPU.ActiveCfg = Release|Any CPU
		{15F9F9C8-44A2-408D-9E7D-8D51AF7D3803}.Release|Any CPU.Build.0 = Release|Any CPU
		{16011DBD-DCA5-4814-9B14-74C1304A4361}.Debug|Any CPU.ActiveCfg = Debug|Any CPU
		{16011DBD-DCA5-4814-9B14-74C1304A4361}.Debug|Any CPU.Build.0 = Debug|Any CPU
		{16011DBD-DCA5-4814-9B14-74C1304A4361}.Release|Any CPU.ActiveCfg = Release|Any CPU
		{16011DBD-DCA5-4814-9B14-74C1304A4361}.Release|Any CPU.Build.0 = Release|Any CPU
		{213CC88A-884E-4004-9EC7-B8BAD3FAAB22}.Debug|Any CPU.ActiveCfg = Debug|Any CPU
		{213CC88A-884E-4004-9EC7-B8BAD3FAAB22}.Debug|Any CPU.Build.0 = Debug|Any CPU
		{213CC88A-884E-4004-9EC7-B8BAD3FAAB22}.Release|Any CPU.ActiveCfg = Release|Any CPU
		{213CC88A-884E-4004-9EC7-B8BAD3FAAB22}.Release|Any CPU.Build.0 = Release|Any CPU
	EndGlobalSection
	GlobalSection(SolutionProperties) = preSolution
		HideSolutionNode = FALSE
	EndGlobalSection
	GlobalSection(ExtensibilityGlobals) = postSolution
		SolutionGuid = {B5351418-7E8F-45F2-9F4E-6110E28BF891}
	EndGlobalSection
EndGlobal
